
Microsoft Visual Studio Solution File, Format Version 12.00
# Visual Studio 15
VisualStudioVersion = 15.0.28307.1831
MinimumVisualStudioVersion = 10.0.40219.1
Project("{FAE04EC0-301F-11D3-BF4B-00C04F79EFBC}") = "satisOtomasyonu", "satisOtomasyonu\satisOtomasyonu.csproj", "{BB2F270A-F5B7-43AE-891F-FCD92E4E9927}"
EndProject
Global
	GlobalSection(SolutionConfigurationPlatforms) = preSolution
		Debug|Any CPU = Debug|Any CPU
		Release|Any CPU = Release|Any CPU
	EndGlobalSection
	GlobalSection(ProjectConfigurationPlatforms) = postSolution
		{BB2F270A-F5B7-43AE-891F-FCD92E4E9927}.Debug|Any CPU.ActiveCfg = Debug|Any CPU
		{BB2F270A-F5B7-43AE-891F-FCD92E4E9927}.Debug|Any CPU.Build.0 = Debug|Any CPU
		{BB2F270A-F5B7-43AE-891F-FCD92E4E9927}.Release|Any CPU.ActiveCfg = Release|Any CPU
		{BB2F270A-F5B7-43AE-891F-FCD92E4E9927}.Release|Any CPU.Build.0 = Release|Any CPU
	EndGlobalSection
	GlobalSection(SolutionProperties) = preSolution
		HideSolutionNode = FALSE
	EndGlobalSection
	GlobalSection(ExtensibilityGlobals) = postSolution
		SolutionGuid = {515EE37F-67BC-40C0-BC45-B96A3E280E96}
	EndGlobalSection
EndGlobal
